
Microsoft Visual Studio Solution File, Format Version 12.00
# Visual Studio Express 2012 for Windows Desktop
Project("{F184B08F-C81C-45F6-A57F-5ABD9991F28F}") = "Holiday", "Holiday\Holiday.vbproj", "{FB3A0472-0202-4EB8-85FF-B0B6D40978B5}"
EndProject
Project("{F184B08F-C81C-45F6-A57F-5ABD9991F28F}") = "Holiday.Test", "Holiday.Test\Holiday.Test.vbproj", "{17F119F2-5D60-425E-8FE7-F161A1E3E9FC}"
EndProject
Global
	GlobalSection(SolutionConfigurationPlatforms) = preSolution
		Debug|Any CPU = Debug|Any CPU
		Release|Any CPU = Release|Any CPU
	EndGlobalSection
	GlobalSection(ProjectConfigurationPlatforms) = postSolution
		{FB3A0472-0202-4EB8-85FF-B0B6D40978B5}.Debug|Any CPU.ActiveCfg = Debug|Any CPU
		{FB3A0472-0202-4EB8-85FF-B0B6D40978B5}.Debug|Any CPU.Build.0 = Debug|Any CPU
		{FB3A0472-0202-4EB8-85FF-B0B6D40978B5}.Release|Any CPU.ActiveCfg = Release|Any CPU
		{FB3A0472-0202-4EB8-85FF-B0B6D40978B5}.Release|Any CPU.Build.0 = Release|Any CPU
		{17F119F2-5D60-425E-8FE7-F161A1E3E9FC}.Debug|Any CPU.ActiveCfg = Debug|Any CPU
		{17F119F2-5D60-425E-8FE7-F161A1E3E9FC}.Debug|Any CPU.Build.0 = Debug|Any CPU
		{17F119F2-5D60-425E-8FE7-F161A1E3E9FC}.Release|Any CPU.ActiveCfg = Release|Any CPU
		{17F119F2-5D60-425E-8FE7-F161A1E3E9FC}.Release|Any CPU.Build.0 = Release|Any CPU
	EndGlobalSection
	GlobalSection(SolutionProperties) = preSolution
		HideSolutionNode = FALSE
	EndGlobalSection
EndGlobal
